{
  "pins" : [
    {
      "identity" : "linguistickit",
      "kind" : "remoteSourceControl",
      "location" : "https://github.com/Roman-Kerimov/LinguisticKit",
      "state" : {
        "branch" : "master",
        "revision" : "e28e91b20209e4462b68cdfd5f24a926c175cc55"
      }
    }
  ],
  "version" : 2
}
